
Microsoft Visual Studio Solution File, Format Version 12.00
# Visual Studio Version 16
VisualStudioVersion = 16.0.29326.143
MinimumVisualStudioVersion = 15.0.26124.0
Project("{9A19103F-16F7-4668-BE54-9A1E7A4F7556}") = "LDFCore.Platform", "LDFCore.Platform\LDFCore.Platform.csproj", "{E2FBC500-3B57-41E8-B0BD-90F6923EBDA5}"
EndProject
Project("{FAE04EC0-301F-11D3-BF4B-00C04F79EFBC}") = "LDFCore.Caching", "LDFCore.Caching\LDFCore.Caching.csproj", "{B8D8003C-3DDC-41CE-88A5-2B502971B2C2}"
EndProject
Project("{FAE04EC0-301F-11D3-BF4B-00C04F79EFBC}") = "LDFCore.Log", "LDFCore.Logs\LDFCore.Logs.csproj", "{E7554B08-A4F6-4A2D-AED6-9BF6C2F6E064}"
EndProject
Project("{FAE04EC0-301F-11D3-BF4B-00C04F79EFBC}") = "LDFCore.Job", "LDFCore.Job\LDFCore.Job.csproj", "{062D48D6-5DAE-4004-BA7D-1D4FB924FB5F}"
EndProject
Global
	GlobalSection(SolutionConfigurationPlatforms) = preSolution
		Debug|Any CPU = Debug|Any CPU
		Debug|x64 = Debug|x64
		Debug|x86 = Debug|x86
		Release|Any CPU = Release|Any CPU
		Release|x64 = Release|x64
		Release|x86 = Release|x86
	EndGlobalSection
	GlobalSection(ProjectConfigurationPlatforms) = postSolution
		{E2FBC500-3B57-41E8-B0BD-90F6923EBDA5}.Debug|Any CPU.ActiveCfg = Debug|Any CPU
		{E2FBC500-3B57-41E8-B0BD-90F6923EBDA5}.Debug|Any CPU.Build.0 = Debug|Any CPU
		{E2FBC500-3B57-41E8-B0BD-90F6923EBDA5}.Debug|x64.ActiveCfg = Debug|Any CPU
		{E2FBC500-3B57-41E8-B0BD-90F6923EBDA5}.Debug|x64.Build.0 = Debug|Any CPU
		{E2FBC500-3B57-41E8-B0BD-90F6923EBDA5}.Debug|x86.ActiveCfg = Debug|Any CPU
		{E2FBC500-3B57-41E8-B0BD-90F6923EBDA5}.Debug|x86.Build.0 = Debug|Any CPU
		{E2FBC500-3B57-41E8-B0BD-90F6923EBDA5}.Release|Any CPU.ActiveCfg = Release|Any CPU
		{E2FBC500-3B57-41E8-B0BD-90F6923EBDA5}.Release|Any CPU.Build.0 = Release|Any CPU
		{E2FBC500-3B57-41E8-B0BD-90F6923EBDA5}.Release|x64.ActiveCfg = Release|Any CPU
		{E2FBC500-3B57-41E8-B0BD-90F6923EBDA5}.Release|x64.Build.0 = Release|Any CPU
		{E2FBC500-3B57-41E8-B0BD-90F6923EBDA5}.Release|x86.ActiveCfg = Release|Any CPU
		{E2FBC500-3B57-41E8-B0BD-90F6923EBDA5}.Release|x86.Build.0 = Release|Any CPU
		{B8D8003C-3DDC-41CE-88A5-2B502971B2C2}.Debug|Any CPU.ActiveCfg = Debug|Any CPU
		{B8D8003C-3DDC-41CE-88A5-2B502971B2C2}.Debug|Any CPU.Build.0 = Debug|Any CPU
		{B8D8003C-3DDC-41CE-88A5-2B502971B2C2}.Debug|x64.ActiveCfg = Debug|Any CPU
		{B8D8003C-3DDC-41CE-88A5-2B502971B2C2}.Debug|x64.Build.0 = Debug|Any CPU
		{B8D8003C-3DDC-41CE-88A5-2B502971B2C2}.Debug|x86.ActiveCfg = Debug|Any CPU
		{B8D8003C-3DDC-41CE-88A5-2B502971B2C2}.Debug|x86.Build.0 = Debug|Any CPU
		{B8D8003C-3DDC-41CE-88A5-2B502971B2C2}.Release|Any CPU.ActiveCfg = Release|Any CPU
		{B8D8003C-3DDC-41CE-88A5-2B502971B2C2}.Release|Any CPU.Build.0 = Release|Any CPU
		{B8D8003C-3DDC-41CE-88A5-2B502971B2C2}.Release|x64.ActiveCfg = Release|Any CPU
		{B8D8003C-3DDC-41CE-88A5-2B502971B2C2}.Release|x64.Build.0 = Release|Any CPU
		{B8D8003C-3DDC-41CE-88A5-2B502971B2C2}.Release|x86.ActiveCfg = Release|Any CPU
		{B8D8003C-3DDC-41CE-88A5-2B502971B2C2}.Release|x86.Build.0 = Release|Any CPU
		{E7554B08-A4F6-4A2D-AED6-9BF6C2F6E064}.Debug|Any CPU.ActiveCfg = Debug|Any CPU
		{E7554B08-A4F6-4A2D-AED6-9BF6C2F6E064}.Debug|Any CPU.Build.0 = Debug|Any CPU
		{E7554B08-A4F6-4A2D-AED6-9BF6C2F6E064}.Debug|x64.ActiveCfg = Debug|Any CPU
		{E7554B08-A4F6-4A2D-AED6-9BF6C2F6E064}.Debug|x64.Build.0 = Debug|Any CPU
		{E7554B08-A4F6-4A2D-AED6-9BF6C2F6E064}.Debug|x86.ActiveCfg = Debug|Any CPU
		{E7554B08-A4F6-4A2D-AED6-9BF6C2F6E064}.Debug|x86.Build.0 = Debug|Any CPU
		{E7554B08-A4F6-4A2D-AED6-9BF6C2F6E064}.Release|Any CPU.ActiveCfg = Release|Any CPU
		{E7554B08-A4F6-4A2D-AED6-9BF6C2F6E064}.Release|Any CPU.Build.0 = Release|Any CPU
		{E7554B08-A4F6-4A2D-AED6-9BF6C2F6E064}.Release|x64.ActiveCfg = Release|Any CPU
		{E7554B08-A4F6-4A2D-AED6-9BF6C2F6E064}.Release|x64.Build.0 = Release|Any CPU
		{E7554B08-A4F6-4A2D-AED6-9BF6C2F6E064}.Release|x86.ActiveCfg = Release|Any CPU
		{E7554B08-A4F6-4A2D-AED6-9BF6C2F6E064}.Release|x86.Build.0 = Release|Any CPU
		{062D48D6-5DAE-4004-BA7D-1D4FB924FB5F}.Debug|Any CPU.ActiveCfg = Debug|Any CPU
		{062D48D6-5DAE-4004-BA7D-1D4FB924FB5F}.Debug|Any CPU.Build.0 = Debug|Any CPU
		{062D48D6-5DAE-4004-BA7D-1D4FB924FB5F}.Debug|x64.ActiveCfg = Debug|Any CPU
		{062D48D6-5DAE-4004-BA7D-1D4FB924FB5F}.Debug|x64.Build.0 = Debug|Any CPU
		{062D48D6-5DAE-4004-BA7D-1D4FB924FB5F}.Debug|x86.ActiveCfg = Debug|Any CPU
		{062D48D6-5DAE-4004-BA7D-1D4FB924FB5F}.Debug|x86.Build.0 = Debug|Any CPU
		{062D48D6-5DAE-4004-BA7D-1D4FB924FB5F}.Release|Any CPU.ActiveCfg = Release|Any CPU
		{062D48D6-5DAE-4004-BA7D-1D4FB924FB5F}.Release|Any CPU.Build.0 = Release|Any CPU
		{062D48D6-5DAE-4004-BA7D-1D4FB924FB5F}.Release|x64.ActiveCfg = Release|Any CPU
		{062D48D6-5DAE-4004-BA7D-1D4FB924FB5F}.Release|x64.Build.0 = Release|Any CPU
		{062D48D6-5DAE-4004-BA7D-1D4FB924FB5F}.Release|x86.ActiveCfg = Release|Any CPU
		{062D48D6-5DAE-4004-BA7D-1D4FB924FB5F}.Release|x86.Build.0 = Release|Any CPU
	EndGlobalSection
	GlobalSection(SolutionProperties) = preSolution
		HideSolutionNode = FALSE
	EndGlobalSection
	GlobalSection(ExtensibilityGlobals) = postSolution
		SolutionGuid = {74779A97-27A3-490C-BBE4-1D8F3E15F13F}
	EndGlobalSection
EndGlobal
