
Microsoft Visual Studio Solution File, Format Version 12.00
# Visual Studio Version 16
VisualStudioVersion = 16.0.29326.143
MinimumVisualStudioVersion = 15.0.26124.0
Project("{9A19103F-16F7-4668-BE54-9A1E7A4F7556}") = "LDFCore.Platform", "LDFCore.Platform\LDFCore.Platform.csproj", "{E2FBC500-3B57-41E8-B0BD-90F6923EBDA5}"
EndProject
Project("{9A19103F-16F7-4668-BE54-9A1E7A4F7556}") = "LDFCore.Caching", "LDFCore.Caching\LDFCore.Caching.csproj", "{B8D8003C-3DDC-41CE-88A5-2B502971B2C2}"
EndProject
Project("{9A19103F-16F7-4668-BE54-9A1E7A4F7556}") = "LDFCore.Logs", "LDFCore.Logs\LDFCore.Logs.csproj", "{E7554B08-A4F6-4A2D-AED6-9BF6C2F6E064}"
EndProject
Project("{9A19103F-16F7-4668-BE54-9A1E7A4F7556}") = "LDFCore.Job", "LDFCore.Job\LDFCore.Job.csproj", "{062D48D6-5DAE-4004-BA7D-1D4FB924FB5F}"
EndProject
Project("{9A19103F-16F7-4668-BE54-9A1E7A4F7556}") = "LDFCore.Monitoring", "LDFCore.Monitoring\LDFCore.Monitoring.csproj", "{465062C5-0A33-4D0E-AAD3-0D4CA1B3A2C9}"
EndProject
Project("{2150E333-8FDC-42A3-9474-1A3956D46DE8}") = "LDFCore", "LDFCore", "{3088E0CB-0DF7-40C0-B983-FD7698040FCE}"
EndProject
Project("{2150E333-8FDC-42A3-9474-1A3956D46DE8}") = "Test", "Test", "{2B234038-CA4A-43AC-BD07-8C85113F7B5D}"
EndProject
Project("{9A19103F-16F7-4668-BE54-9A1E7A4F7556}") = "LDFCore.Test", "LDFCore.Test\LDFCore.Test.csproj", "{4BE28F7E-4A03-4A17-9268-13DB6AC97AC9}"
EndProject
Project("{9A19103F-16F7-4668-BE54-9A1E7A4F7556}") = "LDFCore.Authorized", "LDFCore.Authorized\LDFCore.Authorized.csproj", "{229D7A70-EDDC-4B5F-A53E-BCA601DE00EA}"
EndProject
Project("{9A19103F-16F7-4668-BE54-9A1E7A4F7556}") = "LDFCore.Common", "LDFCore.Common\LDFCore.Common.csproj", "{06A4EBCF-DB61-42FE-BF67-3CFAA43B8077}"
EndProject
Project("{9A19103F-16F7-4668-BE54-9A1E7A4F7556}") = "LDFCore.FluentValidation", "LDFCore.FluentValidation\LDFCore.FluentValidation.csproj", "{25528FDC-354A-43A9-ADFC-1FEF3F882D1F}"
EndProject
Project("{9A19103F-16F7-4668-BE54-9A1E7A4F7556}") = "LDFCore.Swagger", "LDFCore.Swagger\LDFCore.Swagger.csproj", "{758465A7-2645-45B0-9852-E7894877763D}"
EndProject
Global
	GlobalSection(SolutionConfigurationPlatforms) = preSolution
		Debug|Any CPU = Debug|Any CPU
		Debug|x64 = Debug|x64
		Debug|x86 = Debug|x86
		Release|Any CPU = Release|Any CPU
		Release|x64 = Release|x64
		Release|x86 = Release|x86
	EndGlobalSection
	GlobalSection(ProjectConfigurationPlatforms) = postSolution
		{E2FBC500-3B57-41E8-B0BD-90F6923EBDA5}.Debug|Any CPU.ActiveCfg = Debug|Any CPU
		{E2FBC500-3B57-41E8-B0BD-90F6923EBDA5}.Debug|Any CPU.Build.0 = Debug|Any CPU
		{E2FBC500-3B57-41E8-B0BD-90F6923EBDA5}.Debug|x64.ActiveCfg = Debug|Any CPU
		{E2FBC500-3B57-41E8-B0BD-90F6923EBDA5}.Debug|x64.Build.0 = Debug|Any CPU
		{E2FBC500-3B57-41E8-B0BD-90F6923EBDA5}.Debug|x86.ActiveCfg = Debug|Any CPU
		{E2FBC500-3B57-41E8-B0BD-90F6923EBDA5}.Debug|x86.Build.0 = Debug|Any CPU
		{E2FBC500-3B57-41E8-B0BD-90F6923EBDA5}.Release|Any CPU.ActiveCfg = Release|Any CPU
		{E2FBC500-3B57-41E8-B0BD-90F6923EBDA5}.Release|Any CPU.Build.0 = Release|Any CPU
		{E2FBC500-3B57-41E8-B0BD-90F6923EBDA5}.Release|x64.ActiveCfg = Release|Any CPU
		{E2FBC500-3B57-41E8-B0BD-90F6923EBDA5}.Release|x64.Build.0 = Release|Any CPU
		{E2FBC500-3B57-41E8-B0BD-90F6923EBDA5}.Release|x86.ActiveCfg = Release|Any CPU
		{E2FBC500-3B57-41E8-B0BD-90F6923EBDA5}.Release|x86.Build.0 = Release|Any CPU
		{B8D8003C-3DDC-41CE-88A5-2B502971B2C2}.Debug|Any CPU.ActiveCfg = Debug|Any CPU
		{B8D8003C-3DDC-41CE-88A5-2B502971B2C2}.Debug|Any CPU.Build.0 = Debug|Any CPU
		{B8D8003C-3DDC-41CE-88A5-2B502971B2C2}.Debug|x64.ActiveCfg = Debug|Any CPU
		{B8D8003C-3DDC-41CE-88A5-2B502971B2C2}.Debug|x64.Build.0 = Debug|Any CPU
		{B8D8003C-3DDC-41CE-88A5-2B502971B2C2}.Debug|x86.ActiveCfg = Debug|Any CPU
		{B8D8003C-3DDC-41CE-88A5-2B502971B2C2}.Debug|x86.Build.0 = Debug|Any CPU
		{B8D8003C-3DDC-41CE-88A5-2B502971B2C2}.Release|Any CPU.ActiveCfg = Release|Any CPU
		{B8D8003C-3DDC-41CE-88A5-2B502971B2C2}.Release|Any CPU.Build.0 = Release|Any CPU
		{B8D8003C-3DDC-41CE-88A5-2B502971B2C2}.Release|x64.ActiveCfg = Release|Any CPU
		{B8D8003C-3DDC-41CE-88A5-2B502971B2C2}.Release|x64.Build.0 = Release|Any CPU
		{B8D8003C-3DDC-41CE-88A5-2B502971B2C2}.Release|x86.ActiveCfg = Release|Any CPU
		{B8D8003C-3DDC-41CE-88A5-2B502971B2C2}.Release|x86.Build.0 = Release|Any CPU
		{E7554B08-A4F6-4A2D-AED6-9BF6C2F6E064}.Debug|Any CPU.ActiveCfg = Debug|Any CPU
		{E7554B08-A4F6-4A2D-AED6-9BF6C2F6E064}.Debug|Any CPU.Build.0 = Debug|Any CPU
		{E7554B08-A4F6-4A2D-AED6-9BF6C2F6E064}.Debug|x64.ActiveCfg = Debug|Any CPU
		{E7554B08-A4F6-4A2D-AED6-9BF6C2F6E064}.Debug|x64.Build.0 = Debug|Any CPU
		{E7554B08-A4F6-4A2D-AED6-9BF6C2F6E064}.Debug|x86.ActiveCfg = Debug|Any CPU
		{E7554B08-A4F6-4A2D-AED6-9BF6C2F6E064}.Debug|x86.Build.0 = Debug|Any CPU
		{E7554B08-A4F6-4A2D-AED6-9BF6C2F6E064}.Release|Any CPU.ActiveCfg = Release|Any CPU
		{E7554B08-A4F6-4A2D-AED6-9BF6C2F6E064}.Release|Any CPU.Build.0 = Release|Any CPU
		{E7554B08-A4F6-4A2D-AED6-9BF6C2F6E064}.Release|x64.ActiveCfg = Release|Any CPU
		{E7554B08-A4F6-4A2D-AED6-9BF6C2F6E064}.Release|x64.Build.0 = Release|Any CPU
		{E7554B08-A4F6-4A2D-AED6-9BF6C2F6E064}.Release|x86.ActiveCfg = Release|Any CPU
		{E7554B08-A4F6-4A2D-AED6-9BF6C2F6E064}.Release|x86.Build.0 = Release|Any CPU
		{062D48D6-5DAE-4004-BA7D-1D4FB924FB5F}.Debug|Any CPU.ActiveCfg = Debug|Any CPU
		{062D48D6-5DAE-4004-BA7D-1D4FB924FB5F}.Debug|Any CPU.Build.0 = Debug|Any CPU
		{062D48D6-5DAE-4004-BA7D-1D4FB924FB5F}.Debug|x64.ActiveCfg = Debug|Any CPU
		{062D48D6-5DAE-4004-BA7D-1D4FB924FB5F}.Debug|x64.Build.0 = Debug|Any CPU
		{062D48D6-5DAE-4004-BA7D-1D4FB924FB5F}.Debug|x86.ActiveCfg = Debug|Any CPU
		{062D48D6-5DAE-4004-BA7D-1D4FB924FB5F}.Debug|x86.Build.0 = Debug|Any CPU
		{062D48D6-5DAE-4004-BA7D-1D4FB924FB5F}.Release|Any CPU.ActiveCfg = Release|Any CPU
		{062D48D6-5DAE-4004-BA7D-1D4FB924FB5F}.Release|Any CPU.Build.0 = Release|Any CPU
		{062D48D6-5DAE-4004-BA7D-1D4FB924FB5F}.Release|x64.ActiveCfg = Release|Any CPU
		{062D48D6-5DAE-4004-BA7D-1D4FB924FB5F}.Release|x64.Build.0 = Release|Any CPU
		{062D48D6-5DAE-4004-BA7D-1D4FB924FB5F}.Release|x86.ActiveCfg = Release|Any CPU
		{062D48D6-5DAE-4004-BA7D-1D4FB924FB5F}.Release|x86.Build.0 = Release|Any CPU
		{465062C5-0A33-4D0E-AAD3-0D4CA1B3A2C9}.Debug|Any CPU.ActiveCfg = Debug|Any CPU
		{465062C5-0A33-4D0E-AAD3-0D4CA1B3A2C9}.Debug|Any CPU.Build.0 = Debug|Any CPU
		{465062C5-0A33-4D0E-AAD3-0D4CA1B3A2C9}.Debug|x64.ActiveCfg = Debug|Any CPU
		{465062C5-0A33-4D0E-AAD3-0D4CA1B3A2C9}.Debug|x64.Build.0 = Debug|Any CPU
		{465062C5-0A33-4D0E-AAD3-0D4CA1B3A2C9}.Debug|x86.ActiveCfg = Debug|Any CPU
		{465062C5-0A33-4D0E-AAD3-0D4CA1B3A2C9}.Debug|x86.Build.0 = Debug|Any CPU
		{465062C5-0A33-4D0E-AAD3-0D4CA1B3A2C9}.Release|Any CPU.ActiveCfg = Release|Any CPU
		{465062C5-0A33-4D0E-AAD3-0D4CA1B3A2C9}.Release|Any CPU.Build.0 = Release|Any CPU
		{465062C5-0A33-4D0E-AAD3-0D4CA1B3A2C9}.Release|x64.ActiveCfg = Release|Any CPU
		{465062C5-0A33-4D0E-AAD3-0D4CA1B3A2C9}.Release|x64.Build.0 = Release|Any CPU
		{465062C5-0A33-4D0E-AAD3-0D4CA1B3A2C9}.Release|x86.ActiveCfg = Release|Any CPU
		{465062C5-0A33-4D0E-AAD3-0D4CA1B3A2C9}.Release|x86.Build.0 = Release|Any CPU
		{4BE28F7E-4A03-4A17-9268-13DB6AC97AC9}.Debug|Any CPU.ActiveCfg = Debug|Any CPU
		{4BE28F7E-4A03-4A17-9268-13DB6AC97AC9}.Debug|Any CPU.Build.0 = Debug|Any CPU
		{4BE28F7E-4A03-4A17-9268-13DB6AC97AC9}.Debug|x64.ActiveCfg = Debug|Any CPU
		{4BE28F7E-4A03-4A17-9268-13DB6AC97AC9}.Debug|x64.Build.0 = Debug|Any CPU
		{4BE28F7E-4A03-4A17-9268-13DB6AC97AC9}.Debug|x86.ActiveCfg = Debug|Any CPU
		{4BE28F7E-4A03-4A17-9268-13DB6AC97AC9}.Debug|x86.Build.0 = Debug|Any CPU
		{4BE28F7E-4A03-4A17-9268-13DB6AC97AC9}.Release|Any CPU.ActiveCfg = Release|Any CPU
		{4BE28F7E-4A03-4A17-9268-13DB6AC97AC9}.Release|Any CPU.Build.0 = Release|Any CPU
		{4BE28F7E-4A03-4A17-9268-13DB6AC97AC9}.Release|x64.ActiveCfg = Release|Any CPU
		{4BE28F7E-4A03-4A17-9268-13DB6AC97AC9}.Release|x64.Build.0 = Release|Any CPU
		{4BE28F7E-4A03-4A17-9268-13DB6AC97AC9}.Release|x86.ActiveCfg = Release|Any CPU
		{4BE28F7E-4A03-4A17-9268-13DB6AC97AC9}.Release|x86.Build.0 = Release|Any CPU
		{229D7A70-EDDC-4B5F-A53E-BCA601DE00EA}.Debug|Any CPU.ActiveCfg = Debug|Any CPU
		{229D7A70-EDDC-4B5F-A53E-BCA601DE00EA}.Debug|Any CPU.Build.0 = Debug|Any CPU
		{229D7A70-EDDC-4B5F-A53E-BCA601DE00EA}.Debug|x64.ActiveCfg = Debug|Any CPU
		{229D7A70-EDDC-4B5F-A53E-BCA601DE00EA}.Debug|x64.Build.0 = Debug|Any CPU
		{229D7A70-EDDC-4B5F-A53E-BCA601DE00EA}.Debug|x86.ActiveCfg = Debug|Any CPU
		{229D7A70-EDDC-4B5F-A53E-BCA601DE00EA}.Debug|x86.Build.0 = Debug|Any CPU
		{229D7A70-EDDC-4B5F-A53E-BCA601DE00EA}.Release|Any CPU.ActiveCfg = Release|Any CPU
		{229D7A70-EDDC-4B5F-A53E-BCA601DE00EA}.Release|Any CPU.Build.0 = Release|Any CPU
		{229D7A70-EDDC-4B5F-A53E-BCA601DE00EA}.Release|x64.ActiveCfg = Release|Any CPU
		{229D7A70-EDDC-4B5F-A53E-BCA601DE00EA}.Release|x64.Build.0 = Release|Any CPU
		{229D7A70-EDDC-4B5F-A53E-BCA601DE00EA}.Release|x86.ActiveCfg = Release|Any CPU
		{229D7A70-EDDC-4B5F-A53E-BCA601DE00EA}.Release|x86.Build.0 = Release|Any CPU
		{06A4EBCF-DB61-42FE-BF67-3CFAA43B8077}.Debug|Any CPU.ActiveCfg = Debug|Any CPU
		{06A4EBCF-DB61-42FE-BF67-3CFAA43B8077}.Debug|Any CPU.Build.0 = Debug|Any CPU
		{06A4EBCF-DB61-42FE-BF67-3CFAA43B8077}.Debug|x64.ActiveCfg = Debug|Any CPU
		{06A4EBCF-DB61-42FE-BF67-3CFAA43B8077}.Debug|x64.Build.0 = Debug|Any CPU
		{06A4EBCF-DB61-42FE-BF67-3CFAA43B8077}.Debug|x86.ActiveCfg = Debug|Any CPU
		{06A4EBCF-DB61-42FE-BF67-3CFAA43B8077}.Debug|x86.Build.0 = Debug|Any CPU
		{06A4EBCF-DB61-42FE-BF67-3CFAA43B8077}.Release|Any CPU.ActiveCfg = Release|Any CPU
		{06A4EBCF-DB61-42FE-BF67-3CFAA43B8077}.Release|Any CPU.Build.0 = Release|Any CPU
		{06A4EBCF-DB61-42FE-BF67-3CFAA43B8077}.Release|x64.ActiveCfg = Release|Any CPU
		{06A4EBCF-DB61-42FE-BF67-3CFAA43B8077}.Release|x64.Build.0 = Release|Any CPU
		{06A4EBCF-DB61-42FE-BF67-3CFAA43B8077}.Release|x86.ActiveCfg = Release|Any CPU
		{06A4EBCF-DB61-42FE-BF67-3CFAA43B8077}.Release|x86.Build.0 = Release|Any CPU
		{25528FDC-354A-43A9-ADFC-1FEF3F882D1F}.Debug|Any CPU.ActiveCfg = Debug|Any CPU
		{25528FDC-354A-43A9-ADFC-1FEF3F882D1F}.Debug|Any CPU.Build.0 = Debug|Any CPU
		{25528FDC-354A-43A9-ADFC-1FEF3F882D1F}.Debug|x64.ActiveCfg = Debug|Any CPU
		{25528FDC-354A-43A9-ADFC-1FEF3F882D1F}.Debug|x64.Build.0 = Debug|Any CPU
		{25528FDC-354A-43A9-ADFC-1FEF3F882D1F}.Debug|x86.ActiveCfg = Debug|Any CPU
		{25528FDC-354A-43A9-ADFC-1FEF3F882D1F}.Debug|x86.Build.0 = Debug|Any CPU
		{25528FDC-354A-43A9-ADFC-1FEF3F882D1F}.Release|Any CPU.ActiveCfg = Release|Any CPU
		{25528FDC-354A-43A9-ADFC-1FEF3F882D1F}.Release|Any CPU.Build.0 = Release|Any CPU
		{25528FDC-354A-43A9-ADFC-1FEF3F882D1F}.Release|x64.ActiveCfg = Release|Any CPU
		{25528FDC-354A-43A9-ADFC-1FEF3F882D1F}.Release|x64.Build.0 = Release|Any CPU
		{25528FDC-354A-43A9-ADFC-1FEF3F882D1F}.Release|x86.ActiveCfg = Release|Any CPU
		{25528FDC-354A-43A9-ADFC-1FEF3F882D1F}.Release|x86.Build.0 = Release|Any CPU
		{758465A7-2645-45B0-9852-E7894877763D}.Debug|Any CPU.ActiveCfg = Debug|Any CPU
		{758465A7-2645-45B0-9852-E7894877763D}.Debug|Any CPU.Build.0 = Debug|Any CPU
		{758465A7-2645-45B0-9852-E7894877763D}.Debug|x64.ActiveCfg = Debug|Any CPU
		{758465A7-2645-45B0-9852-E7894877763D}.Debug|x64.Build.0 = Debug|Any CPU
		{758465A7-2645-45B0-9852-E7894877763D}.Debug|x86.ActiveCfg = Debug|Any CPU
		{758465A7-2645-45B0-9852-E7894877763D}.Debug|x86.Build.0 = Debug|Any CPU
		{758465A7-2645-45B0-9852-E7894877763D}.Release|Any CPU.ActiveCfg = Release|Any CPU
		{758465A7-2645-45B0-9852-E7894877763D}.Release|Any CPU.Build.0 = Release|Any CPU
		{758465A7-2645-45B0-9852-E7894877763D}.Release|x64.ActiveCfg = Release|Any CPU
		{758465A7-2645-45B0-9852-E7894877763D}.Release|x64.Build.0 = Release|Any CPU
		{758465A7-2645-45B0-9852-E7894877763D}.Release|x86.ActiveCfg = Release|Any CPU
		{758465A7-2645-45B0-9852-E7894877763D}.Release|x86.Build.0 = Release|Any CPU
	EndGlobalSection
	GlobalSection(SolutionProperties) = preSolution
		HideSolutionNode = FALSE
	EndGlobalSection
	GlobalSection(NestedProjects) = preSolution
		{E2FBC500-3B57-41E8-B0BD-90F6923EBDA5} = {3088E0CB-0DF7-40C0-B983-FD7698040FCE}
		{B8D8003C-3DDC-41CE-88A5-2B502971B2C2} = {3088E0CB-0DF7-40C0-B983-FD7698040FCE}
		{E7554B08-A4F6-4A2D-AED6-9BF6C2F6E064} = {3088E0CB-0DF7-40C0-B983-FD7698040FCE}
		{062D48D6-5DAE-4004-BA7D-1D4FB924FB5F} = {3088E0CB-0DF7-40C0-B983-FD7698040FCE}
		{465062C5-0A33-4D0E-AAD3-0D4CA1B3A2C9} = {3088E0CB-0DF7-40C0-B983-FD7698040FCE}
		{4BE28F7E-4A03-4A17-9268-13DB6AC97AC9} = {2B234038-CA4A-43AC-BD07-8C85113F7B5D}
		{229D7A70-EDDC-4B5F-A53E-BCA601DE00EA} = {3088E0CB-0DF7-40C0-B983-FD7698040FCE}
		{06A4EBCF-DB61-42FE-BF67-3CFAA43B8077} = {3088E0CB-0DF7-40C0-B983-FD7698040FCE}
		{25528FDC-354A-43A9-ADFC-1FEF3F882D1F} = {3088E0CB-0DF7-40C0-B983-FD7698040FCE}
		{758465A7-2645-45B0-9852-E7894877763D} = {3088E0CB-0DF7-40C0-B983-FD7698040FCE}
	EndGlobalSection
	GlobalSection(ExtensibilityGlobals) = postSolution
		SolutionGuid = {74779A97-27A3-490C-BBE4-1D8F3E15F13F}
	EndGlobalSection
EndGlobal
